
Microsoft Visual Studio Solution File, Format Version 12.00
# Visual Studio Version 16
VisualStudioVersion = 16.0.29920.165
MinimumVisualStudioVersion = 15.0.26124.0
Project("{2150E333-8FDC-42A3-9474-1A3956D46DE8}") = "Solution Items", "Solution Items", "{501E6196-10AB-4EB4-BD17-F53417D3DF0E}"
	ProjectSection(SolutionItems) = preProject
		.gitignore = .gitignore
		README.md = README.md
		stylecop.json = stylecop.json
	EndProjectSection
EndProject
Project("{2150E333-8FDC-42A3-9474-1A3956D46DE8}") = "src", "src", "{90B3A518-7151-4815-B855-66ECD9D5C519}"
EndProject
Project("{9A19103F-16F7-4668-BE54-9A1E7A4F7556}") = "Echo.Lambda", "src\Echo.Lambda\Echo.Lambda.csproj", "{739B10DA-80EE-4D11-BE7B-0F2347D91D7E}"
EndProject
Project("{2150E333-8FDC-42A3-9474-1A3956D46DE8}") = "test", "test", "{2F2FD27F-473F-4087-8CD4-C6716D67DC91}"
EndProject
Project("{9A19103F-16F7-4668-BE54-9A1E7A4F7556}") = "Echo.Lambda.Tests", "test\Echo.Lambda.Tests\Echo.Lambda.Tests.csproj", "{4C4AA8EA-C144-40ED-B2E4-C7E247FB7D0F}"
EndProject
Global
	GlobalSection(SolutionConfigurationPlatforms) = preSolution
		Debug|Any CPU = Debug|Any CPU
		Release|Any CPU = Release|Any CPU
	EndGlobalSection
	GlobalSection(ProjectConfigurationPlatforms) = postSolution
		{739B10DA-80EE-4D11-BE7B-0F2347D91D7E}.Debug|Any CPU.ActiveCfg = Debug|Any CPU
		{739B10DA-80EE-4D11-BE7B-0F2347D91D7E}.Debug|Any CPU.Build.0 = Debug|Any CPU
		{739B10DA-80EE-4D11-BE7B-0F2347D91D7E}.Release|Any CPU.ActiveCfg = Release|Any CPU
		{739B10DA-80EE-4D11-BE7B-0F2347D91D7E}.Release|Any CPU.Build.0 = Release|Any CPU
		{4C4AA8EA-C144-40ED-B2E4-C7E247FB7D0F}.Debug|Any CPU.ActiveCfg = Debug|Any CPU
		{4C4AA8EA-C144-40ED-B2E4-C7E247FB7D0F}.Debug|Any CPU.Build.0 = Debug|Any CPU
		{4C4AA8EA-C144-40ED-B2E4-C7E247FB7D0F}.Release|Any CPU.ActiveCfg = Release|Any CPU
		{4C4AA8EA-C144-40ED-B2E4-C7E247FB7D0F}.Release|Any CPU.Build.0 = Release|Any CPU
	EndGlobalSection
	GlobalSection(SolutionProperties) = preSolution
		HideSolutionNode = FALSE
	EndGlobalSection
	GlobalSection(NestedProjects) = preSolution
		{739B10DA-80EE-4D11-BE7B-0F2347D91D7E} = {90B3A518-7151-4815-B855-66ECD9D5C519}
		{4C4AA8EA-C144-40ED-B2E4-C7E247FB7D0F} = {2F2FD27F-473F-4087-8CD4-C6716D67DC91}
	EndGlobalSection
	GlobalSection(ExtensibilityGlobals) = postSolution
		SolutionGuid = {86F25A3C-5021-4EB5-99F6-AC6B153516A3}
	EndGlobalSection
EndGlobal
